// !$*UTF8*$!
{
	archiveVersion = 1;
	classes = {
	};
	objectVersion = 51;
	objects = {

/* Begin PBXBuildFile section */
		2509EB4FC1532C27C7C72876 /* Pods_CursoiOSAdvanced.framework in Frameworks */ = {isa = PBXBuildFile; fileRef = B57A000838EB46E21A67777A /* Pods_CursoiOSAdvanced.framework */; };
		D95BD186234523E7001336F8 /* AppDelegate.swift in Sources */ = {isa = PBXBuildFile; fileRef = D95BD185234523E7001336F8 /* AppDelegate.swift */; };
		D95BD188234523E7001336F8 /* SceneDelegate.swift in Sources */ = {isa = PBXBuildFile; fileRef = D95BD187234523E7001336F8 /* SceneDelegate.swift */; };
		D95BD18D234523E7001336F8 /* Main.storyboard in Resources */ = {isa = PBXBuildFile; fileRef = D95BD18B234523E7001336F8 /* Main.storyboard */; };
		D95BD18F234523EE001336F8 /* Assets.xcassets in Resources */ = {isa = PBXBuildFile; fileRef = D95BD18E234523EE001336F8 /* Assets.xcassets */; };
		D95BD192234523EE001336F8 /* LaunchScreen.storyboard in Resources */ = {isa = PBXBuildFile; fileRef = D95BD190234523EE001336F8 /* LaunchScreen.storyboard */; };
		D97CD09F23478DE300F28404 /* biker.json in Resources */ = {isa = PBXBuildFile; fileRef = D97CD09E23478DE300F28404 /* biker.json */; };
		D97CD0A1234797B000F28404 /* social.json in Resources */ = {isa = PBXBuildFile; fileRef = D97CD0A0234797B000F28404 /* social.json */; };
		D97CD0A52347B69600F28404 /* UserDAO.swift in Sources */ = {isa = PBXBuildFile; fileRef = D97CD0A42347B69600F28404 /* UserDAO.swift */; };
		D97CD0A92347BEF700F28404 /* UsersDTO.swift in Sources */ = {isa = PBXBuildFile; fileRef = D97CD0A82347BEF700F28404 /* UsersDTO.swift */; };
		D97CD0AB2347C0FB00F28404 /* InfoDTO.swift in Sources */ = {isa = PBXBuildFile; fileRef = D97CD0AA2347C0FB00F28404 /* InfoDTO.swift */; };
		D97CD0AD2347C26400F28404 /* UserDTO.swift in Sources */ = {isa = PBXBuildFile; fileRef = D97CD0AC2347C26400F28404 /* UserDTO.swift */; };
		D97CD0AF2347C40C00F28404 /* NameDTO.swift in Sources */ = {isa = PBXBuildFile; fileRef = D97CD0AE2347C40C00F28404 /* NameDTO.swift */; };
		D97CD0B12347C46E00F28404 /* LocationDTO.swift in Sources */ = {isa = PBXBuildFile; fileRef = D97CD0B02347C46E00F28404 /* LocationDTO.swift */; };
		D97CD0B32347C58A00F28404 /* StreetDTO.swift in Sources */ = {isa = PBXBuildFile; fileRef = D97CD0B22347C58A00F28404 /* StreetDTO.swift */; };
		D97CD0B52347C5B700F28404 /* CoordinatesDTO.swift in Sources */ = {isa = PBXBuildFile; fileRef = D97CD0B42347C5B700F28404 /* CoordinatesDTO.swift */; };
		D97CD0B72347C5E100F28404 /* TimezoneDTO.swift in Sources */ = {isa = PBXBuildFile; fileRef = D97CD0B62347C5E100F28404 /* TimezoneDTO.swift */; };
		D97CD0B92347C70E00F28404 /* LoginDTO.swift in Sources */ = {isa = PBXBuildFile; fileRef = D97CD0B82347C70E00F28404 /* LoginDTO.swift */; };
		D97CD0BB2347C77F00F28404 /* DobDTO.swift in Sources */ = {isa = PBXBuildFile; fileRef = D97CD0BA2347C77F00F28404 /* DobDTO.swift */; };
		D97CD0BD2347C7C300F28404 /* RegisteredDTO.swift in Sources */ = {isa = PBXBuildFile; fileRef = D97CD0BC2347C7C300F28404 /* RegisteredDTO.swift */; };
		D97CD0BF2347C80400F28404 /* PictureDTO.swift in Sources */ = {isa = PBXBuildFile; fileRef = D97CD0BE2347C80400F28404 /* PictureDTO.swift */; };
		D97CD0C12347CC7400F28404 /* DataManager.swift in Sources */ = {isa = PBXBuildFile; fileRef = D97CD0C02347CC7400F28404 /* DataManager.swift */; };
		D9830A4423575E6D00A832D9 /* UserDetail.storyboard in Resources */ = {isa = PBXBuildFile; fileRef = D9830A4323575E6D00A832D9 /* UserDetail.storyboard */; };
		D9830A4623575E8F00A832D9 /* UserDetailViewController.swift in Sources */ = {isa = PBXBuildFile; fileRef = D9830A4523575E8F00A832D9 /* UserDetailViewController.swift */; };
		D9830A482357623E00A832D9 /* PersonalDataViewCell.swift in Sources */ = {isa = PBXBuildFile; fileRef = D9830A472357623E00A832D9 /* PersonalDataViewCell.swift */; };
		D9830A4A2357624E00A832D9 /* MapViewCell.swift in Sources */ = {isa = PBXBuildFile; fileRef = D9830A492357624E00A832D9 /* MapViewCell.swift */; };
		D9830A4C2357626500A832D9 /* CountryViewCell.swift in Sources */ = {isa = PBXBuildFile; fileRef = D9830A4B2357626500A832D9 /* CountryViewCell.swift */; };
		D9830A4E2357627700A832D9 /* ContactDataViewCell.swift in Sources */ = {isa = PBXBuildFile; fileRef = D9830A4D2357627700A832D9 /* ContactDataViewCell.swift */; };
		D9859403234CEE9B00C97E98 /* User.swift in Sources */ = {isa = PBXBuildFile; fileRef = D9859402234CEE9B00C97E98 /* User.swift */; };
		D989CC62234E50680019A33A /* users.json in Resources */ = {isa = PBXBuildFile; fileRef = D989CC61234E50680019A33A /* users.json */; };
		D98B5189234B891800E42099 /* DatabaseManager.swift in Sources */ = {isa = PBXBuildFile; fileRef = D98B5188234B891800E42099 /* DatabaseManager.swift */; };
		D98B518B234BAEBD00E42099 /* ApiManager.swift in Sources */ = {isa = PBXBuildFile; fileRef = D98B518A234BAEBD00E42099 /* ApiManager.swift */; };
		D99E03EB23464B1A0050E045 /* Splash.storyboard in Resources */ = {isa = PBXBuildFile; fileRef = D99E03EA23464B1A0050E045 /* Splash.storyboard */; };
		D99E03ED23464E8F0050E045 /* SplashViewController.swift in Sources */ = {isa = PBXBuildFile; fileRef = D99E03EC23464E8F0050E045 /* SplashViewController.swift */; };
		D99E03EF234651290050E045 /* UsersViewController.swift in Sources */ = {isa = PBXBuildFile; fileRef = D99E03EE234651290050E045 /* UsersViewController.swift */; };
		D99E03F3234662B20050E045 /* PersonTableViewCell.swift in Sources */ = {isa = PBXBuildFile; fileRef = D99E03F1234662B20050E045 /* PersonTableViewCell.swift */; };
		D99E03F4234662B20050E045 /* PersonTableViewCell.xib in Resources */ = {isa = PBXBuildFile; fileRef = D99E03F2234662B20050E045 /* PersonTableViewCell.xib */; };
		D99E03F8234664670050E045 /* PersonCollectionViewCell.swift in Sources */ = {isa = PBXBuildFile; fileRef = D99E03F6234664670050E045 /* PersonCollectionViewCell.swift */; };
		D99E03F9234664670050E045 /* PersonCollectionViewCell.xib in Resources */ = {isa = PBXBuildFile; fileRef = D99E03F7234664670050E045 /* PersonCollectionViewCell.xib */; };
		D99E03FC234665A00050E045 /* UIView+Utils.swift in Sources */ = {isa = PBXBuildFile; fileRef = D99E03FB234665A00050E045 /* UIView+Utils.swift */; };
/* End PBXBuildFile section */

/* Begin PBXFileReference section */
		7FE8EFDD22DACC440DB652BE /* Pods-CursoiOSAdvanced.release.xcconfig */ = {isa = PBXFileReference; includeInIndex = 1; lastKnownFileType = text.xcconfig; name = "Pods-CursoiOSAdvanced.release.xcconfig"; path = "Target Support Files/Pods-CursoiOSAdvanced/Pods-CursoiOSAdvanced.release.xcconfig"; sourceTree = "<group>"; };
		A030FE51B6464BD0760F6C97 /* Pods-CursoiOSAdvanced.debug.xcconfig */ = {isa = PBXFileReference; includeInIndex = 1; lastKnownFileType = text.xcconfig; name = "Pods-CursoiOSAdvanced.debug.xcconfig"; path = "Target Support Files/Pods-CursoiOSAdvanced/Pods-CursoiOSAdvanced.debug.xcconfig"; sourceTree = "<group>"; };
		B57A000838EB46E21A67777A /* Pods_CursoiOSAdvanced.framework */ = {isa = PBXFileReference; explicitFileType = wrapper.framework; includeInIndex = 0; path = Pods_CursoiOSAdvanced.framework; sourceTree = BUILT_PRODUCTS_DIR; };
		D95BD182234523E7001336F8 /* CursoiOSAdvanced.app */ = {isa = PBXFileReference; explicitFileType = wrapper.application; includeInIndex = 0; path = CursoiOSAdvanced.app; sourceTree = BUILT_PRODUCTS_DIR; };
		D95BD185234523E7001336F8 /* AppDelegate.swift */ = {isa = PBXFileReference; lastKnownFileType = sourcecode.swift; path = AppDelegate.swift; sourceTree = "<group>"; };
		D95BD187234523E7001336F8 /* SceneDelegate.swift */ = {isa = PBXFileReference; lastKnownFileType = sourcecode.swift; path = SceneDelegate.swift; sourceTree = "<group>"; };
		D95BD18C234523E7001336F8 /* Base */ = {isa = PBXFileReference; lastKnownFileType = file.storyboard; name = Base; path = Base.lproj/Main.storyboard; sourceTree = "<group>"; };
		D95BD18E234523EE001336F8 /* Assets.xcassets */ = {isa = PBXFileReference; lastKnownFileType = folder.assetcatalog; path = Assets.xcassets; sourceTree = "<group>"; };
		D95BD191234523EE001336F8 /* Base */ = {isa = PBXFileReference; lastKnownFileType = file.storyboard; name = Base; path = Base.lproj/LaunchScreen.storyboard; sourceTree = "<group>"; };
		D95BD193234523EE001336F8 /* Info.plist */ = {isa = PBXFileReference; lastKnownFileType = text.plist.xml; path = Info.plist; sourceTree = "<group>"; };
		D97CD09E23478DE300F28404 /* biker.json */ = {isa = PBXFileReference; fileEncoding = 4; lastKnownFileType = text.json; path = biker.json; sourceTree = "<group>"; };
		D97CD0A0234797B000F28404 /* social.json */ = {isa = PBXFileReference; fileEncoding = 4; lastKnownFileType = text.json; path = social.json; sourceTree = "<group>"; };
		D97CD0A42347B69600F28404 /* UserDAO.swift */ = {isa = PBXFileReference; lastKnownFileType = sourcecode.swift; path = UserDAO.swift; sourceTree = "<group>"; };
		D97CD0A82347BEF700F28404 /* UsersDTO.swift */ = {isa = PBXFileReference; lastKnownFileType = sourcecode.swift; path = UsersDTO.swift; sourceTree = "<group>"; };
		D97CD0AA2347C0FB00F28404 /* InfoDTO.swift */ = {isa = PBXFileReference; lastKnownFileType = sourcecode.swift; path = InfoDTO.swift; sourceTree = "<group>"; };
		D97CD0AC2347C26400F28404 /* UserDTO.swift */ = {isa = PBXFileReference; lastKnownFileType = sourcecode.swift; path = UserDTO.swift; sourceTree = "<group>"; };
		D97CD0AE2347C40C00F28404 /* NameDTO.swift */ = {isa = PBXFileReference; lastKnownFileType = sourcecode.swift; path = NameDTO.swift; sourceTree = "<group>"; };
		D97CD0B02347C46E00F28404 /* LocationDTO.swift */ = {isa = PBXFileReference; lastKnownFileType = sourcecode.swift; path = LocationDTO.swift; sourceTree = "<group>"; };
		D97CD0B22347C58A00F28404 /* StreetDTO.swift */ = {isa = PBXFileReference; lastKnownFileType = sourcecode.swift; path = StreetDTO.swift; sourceTree = "<group>"; };
		D97CD0B42347C5B700F28404 /* CoordinatesDTO.swift */ = {isa = PBXFileReference; lastKnownFileType = sourcecode.swift; path = CoordinatesDTO.swift; sourceTree = "<group>"; };
		D97CD0B62347C5E100F28404 /* TimezoneDTO.swift */ = {isa = PBXFileReference; lastKnownFileType = sourcecode.swift; path = TimezoneDTO.swift; sourceTree = "<group>"; };
		D97CD0B82347C70E00F28404 /* LoginDTO.swift */ = {isa = PBXFileReference; lastKnownFileType = sourcecode.swift; path = LoginDTO.swift; sourceTree = "<group>"; };
		D97CD0BA2347C77F00F28404 /* DobDTO.swift */ = {isa = PBXFileReference; lastKnownFileType = sourcecode.swift; path = DobDTO.swift; sourceTree = "<group>"; };
		D97CD0BC2347C7C300F28404 /* RegisteredDTO.swift */ = {isa = PBXFileReference; lastKnownFileType = sourcecode.swift; path = RegisteredDTO.swift; sourceTree = "<group>"; };
		D97CD0BE2347C80400F28404 /* PictureDTO.swift */ = {isa = PBXFileReference; lastKnownFileType = sourcecode.swift; path = PictureDTO.swift; sourceTree = "<group>"; };
		D97CD0C02347CC7400F28404 /* DataManager.swift */ = {isa = PBXFileReference; lastKnownFileType = sourcecode.swift; path = DataManager.swift; sourceTree = "<group>"; };
		D9830A4323575E6D00A832D9 /* UserDetail.storyboard */ = {isa = PBXFileReference; lastKnownFileType = file.storyboard; path = UserDetail.storyboard; sourceTree = "<group>"; };
		D9830A4523575E8F00A832D9 /* UserDetailViewController.swift */ = {isa = PBXFileReference; lastKnownFileType = sourcecode.swift; path = UserDetailViewController.swift; sourceTree = "<group>"; };
		D9830A472357623E00A832D9 /* PersonalDataViewCell.swift */ = {isa = PBXFileReference; lastKnownFileType = sourcecode.swift; path = PersonalDataViewCell.swift; sourceTree = "<group>"; };
		D9830A492357624E00A832D9 /* MapViewCell.swift */ = {isa = PBXFileReference; lastKnownFileType = sourcecode.swift; path = MapViewCell.swift; sourceTree = "<group>"; };
		D9830A4B2357626500A832D9 /* CountryViewCell.swift */ = {isa = PBXFileReference; lastKnownFileType = sourcecode.swift; path = CountryViewCell.swift; sourceTree = "<group>"; };
		D9830A4D2357627700A832D9 /* ContactDataViewCell.swift */ = {isa = PBXFileReference; lastKnownFileType = sourcecode.swift; path = ContactDataViewCell.swift; sourceTree = "<group>"; };
		D9859402234CEE9B00C97E98 /* User.swift */ = {isa = PBXFileReference; lastKnownFileType = sourcecode.swift; path = User.swift; sourceTree = "<group>"; };
		D989CC61234E50680019A33A /* users.json */ = {isa = PBXFileReference; fileEncoding = 4; lastKnownFileType = text.json; path = users.json; sourceTree = "<group>"; };
		D98B5188234B891800E42099 /* DatabaseManager.swift */ = {isa = PBXFileReference; lastKnownFileType = sourcecode.swift; path = DatabaseManager.swift; sourceTree = "<group>"; };
		D98B518A234BAEBD00E42099 /* ApiManager.swift */ = {isa = PBXFileReference; lastKnownFileType = sourcecode.swift; path = ApiManager.swift; sourceTree = "<group>"; };
		D99E03EA23464B1A0050E045 /* Splash.storyboard */ = {isa = PBXFileReference; lastKnownFileType = file.storyboard; path = Splash.storyboard; sourceTree = "<group>"; };
		D99E03EC23464E8F0050E045 /* SplashViewController.swift */ = {isa = PBXFileReference; lastKnownFileType = sourcecode.swift; path = SplashViewController.swift; sourceTree = "<group>"; };
		D99E03EE234651290050E045 /* UsersViewController.swift */ = {isa = PBXFileReference; lastKnownFileType = sourcecode.swift; path = UsersViewController.swift; sourceTree = "<group>"; };
		D99E03F1234662B20050E045 /* PersonTableViewCell.swift */ = {isa = PBXFileReference; lastKnownFileType = sourcecode.swift; path = PersonTableViewCell.swift; sourceTree = "<group>"; };
		D99E03F2234662B20050E045 /* PersonTableViewCell.xib */ = {isa = PBXFileReference; lastKnownFileType = file.xib; path = PersonTableViewCell.xib; sourceTree = "<group>"; };
		D99E03F6234664670050E045 /* PersonCollectionViewCell.swift */ = {isa = PBXFileReference; lastKnownFileType = sourcecode.swift; path = PersonCollectionViewCell.swift; sourceTree = "<group>"; };
		D99E03F7234664670050E045 /* PersonCollectionViewCell.xib */ = {isa = PBXFileReference; lastKnownFileType = file.xib; path = PersonCollectionViewCell.xib; sourceTree = "<group>"; };
		D99E03FB234665A00050E045 /* UIView+Utils.swift */ = {isa = PBXFileReference; lastKnownFileType = sourcecode.swift; path = "UIView+Utils.swift"; sourceTree = "<group>"; };
/* End PBXFileReference section */

/* Begin PBXFrameworksBuildPhase section */
		D95BD17F234523E7001336F8 /* Frameworks */ = {
			isa = PBXFrameworksBuildPhase;
			buildActionMask = 2147483647;
			files = (
				2509EB4FC1532C27C7C72876 /* Pods_CursoiOSAdvanced.framework in Frameworks */,
			);
			runOnlyForDeploymentPostprocessing = 0;
		};
/* End PBXFrameworksBuildPhase section */

/* Begin PBXGroup section */
		0F75662764C94DCB07251917 /* Frameworks */ = {
			isa = PBXGroup;
			children = (
				B57A000838EB46E21A67777A /* Pods_CursoiOSAdvanced.framework */,
			);
			name = Frameworks;
			sourceTree = "<group>";
		};
		2D04B9B04643C39520751F71 /* Pods */ = {
			isa = PBXGroup;
			children = (
				A030FE51B6464BD0760F6C97 /* Pods-CursoiOSAdvanced.debug.xcconfig */,
				7FE8EFDD22DACC440DB652BE /* Pods-CursoiOSAdvanced.release.xcconfig */,
			);
			path = Pods;
			sourceTree = "<group>";
		};
		D95BD179234523E7001336F8 = {
			isa = PBXGroup;
			children = (
				D95BD184234523E7001336F8 /* CursoiOSAdvanced */,
				D95BD183234523E7001336F8 /* Products */,
				2D04B9B04643C39520751F71 /* Pods */,
				0F75662764C94DCB07251917 /* Frameworks */,
			);
			sourceTree = "<group>";
		};
		D95BD183234523E7001336F8 /* Products */ = {
			isa = PBXGroup;
			children = (
				D95BD182234523E7001336F8 /* CursoiOSAdvanced.app */,
			);
			name = Products;
			sourceTree = "<group>";
		};
		D95BD184234523E7001336F8 /* CursoiOSAdvanced */ = {
			isa = PBXGroup;
			children = (
				D95BD193234523EE001336F8 /* Info.plist */,
				D99E03E42346445A0050E045 /* App */,
				D99E03E52346446D0050E045 /* Resources */,
				D99E03E6234644820050E045 /* Data */,
				D99E03E72346448C0050E045 /* UI */,
			);
			path = CursoiOSAdvanced;
			sourceTree = "<group>";
		};
		D97CD0A22347B65500F28404 /* Local */ = {
			isa = PBXGroup;
			children = (
				D98B5188234B891800E42099 /* DatabaseManager.swift */,
				D97CD0A32347B65C00F28404 /* Models */,
			);
			path = Local;
			sourceTree = "<group>";
		};
		D97CD0A32347B65C00F28404 /* Models */ = {
			isa = PBXGroup;
			children = (
				D97CD0A42347B69600F28404 /* UserDAO.swift */,
			);
			path = Models;
			sourceTree = "<group>";
		};
		D97CD0A62347BEDC00F28404 /* Remote */ = {
			isa = PBXGroup;
			children = (
				D98B518A234BAEBD00E42099 /* ApiManager.swift */,
				D97CD0A72347BEE500F28404 /* Models */,
			);
			path = Remote;
			sourceTree = "<group>";
		};
		D97CD0A72347BEE500F28404 /* Models */ = {
			isa = PBXGroup;
			children = (
				D97CD0A82347BEF700F28404 /* UsersDTO.swift */,
				D97CD0AA2347C0FB00F28404 /* InfoDTO.swift */,
				D97CD0AC2347C26400F28404 /* UserDTO.swift */,
				D97CD0AE2347C40C00F28404 /* NameDTO.swift */,
				D97CD0B02347C46E00F28404 /* LocationDTO.swift */,
				D97CD0B22347C58A00F28404 /* StreetDTO.swift */,
				D97CD0B42347C5B700F28404 /* CoordinatesDTO.swift */,
				D97CD0B62347C5E100F28404 /* TimezoneDTO.swift */,
				D97CD0B82347C70E00F28404 /* LoginDTO.swift */,
				D97CD0BA2347C77F00F28404 /* DobDTO.swift */,
				D97CD0BC2347C7C300F28404 /* RegisteredDTO.swift */,
				D97CD0BE2347C80400F28404 /* PictureDTO.swift */,
			);
			path = Models;
			sourceTree = "<group>";
		};
		D9859400234CEE7200C97E98 /* Views */ = {
			isa = PBXGroup;
			children = (
				D9859401234CEE8000C97E98 /* Models */,
			);
			path = Views;
			sourceTree = "<group>";
		};
		D9859401234CEE8000C97E98 /* Models */ = {
			isa = PBXGroup;
			children = (
				D9859402234CEE9B00C97E98 /* User.swift */,
			);
			path = Models;
			sourceTree = "<group>";
		};
		D99E03E42346445A0050E045 /* App */ = {
			isa = PBXGroup;
			children = (
				D99E03FA2346656D0050E045 /* Extensions */,
				D95BD185234523E7001336F8 /* AppDelegate.swift */,
				D95BD187234523E7001336F8 /* SceneDelegate.swift */,
			);
			path = App;
			sourceTree = "<group>";
		};
		D99E03E52346446D0050E045 /* Resources */ = {
			isa = PBXGroup;
			children = (
				D989CC61234E50680019A33A /* users.json */,
				D97CD0A0234797B000F28404 /* social.json */,
				D97CD09E23478DE300F28404 /* biker.json */,
				D95BD18E234523EE001336F8 /* Assets.xcassets */,
			);
			path = Resources;
			sourceTree = "<group>";
		};
		D99E03E6234644820050E045 /* Data */ = {
			isa = PBXGroup;
			children = (
				D9859400234CEE7200C97E98 /* Views */,
				D97CD0C02347CC7400F28404 /* DataManager.swift */,
				D97CD0A62347BEDC00F28404 /* Remote */,
				D97CD0A22347B65500F28404 /* Local */,
			);
			path = Data;
			sourceTree = "<group>";
		};
		D99E03E72346448C0050E045 /* UI */ = {
			isa = PBXGroup;
			children = (
				D99E03F0234662740050E045 /* Views */,
				D99E03E92346449A0050E045 /* Storyboards */,
				D99E03F5234662DC0050E045 /* Cells */,
				D99E03E8234644910050E045 /* Controllers */,
			);
			path = UI;
			sourceTree = "<group>";
		};
		D99E03E8234644910050E045 /* Controllers */ = {
			isa = PBXGroup;
			children = (
				D99E03EC23464E8F0050E045 /* SplashViewController.swift */,
				D99E03EE234651290050E045 /* UsersViewController.swift */,
				D9830A4523575E8F00A832D9 /* UserDetailViewController.swift */,
			);
			path = Controllers;
			sourceTree = "<group>";
		};
		D99E03E92346449A0050E045 /* Storyboards */ = {
			isa = PBXGroup;
			children = (
				D95BD18B234523E7001336F8 /* Main.storyboard */,
				D99E03EA23464B1A0050E045 /* Splash.storyboard */,
				D95BD190234523EE001336F8 /* LaunchScreen.storyboard */,
				D9830A4323575E6D00A832D9 /* UserDetail.storyboard */,
			);
			path = Storyboards;
			sourceTree = "<group>";
		};
		D99E03F0234662740050E045 /* Views */ = {
			isa = PBXGroup;
			children = (
			);
			path = Views;
			sourceTree = "<group>";
		};
		D99E03F5234662DC0050E045 /* Cells */ = {
			isa = PBXGroup;
			children = (
				D99E03F7234664670050E045 /* PersonCollectionViewCell.xib */,
				D99E03F6234664670050E045 /* PersonCollectionViewCell.swift */,
				D99E03F2234662B20050E045 /* PersonTableViewCell.xib */,
				D99E03F1234662B20050E045 /* PersonTableViewCell.swift */,
				D9830A472357623E00A832D9 /* PersonalDataViewCell.swift */,
				D9830A492357624E00A832D9 /* MapViewCell.swift */,
				D9830A4B2357626500A832D9 /* CountryViewCell.swift */,
				D9830A4D2357627700A832D9 /* ContactDataViewCell.swift */,
			);
			path = Cells;
			sourceTree = "<group>";
		};
		D99E03FA2346656D0050E045 /* Extensions */ = {
			isa = PBXGroup;
			children = (
				D99E03FB234665A00050E045 /* UIView+Utils.swift */,
			);
			path = Extensions;
			sourceTree = "<group>";
		};
/* End PBXGroup section */

/* Begin PBXNativeTarget section */
		D95BD181234523E7001336F8 /* CursoiOSAdvanced */ = {
			isa = PBXNativeTarget;
			buildConfigurationList = D95BD196234523EE001336F8 /* Build configuration list for PBXNativeTarget "CursoiOSAdvanced" */;
			buildPhases = (
				234929085FED06F3E373BF69 /* [CP] Check Pods Manifest.lock */,
				D95BD17E234523E7001336F8 /* Sources */,
				D95BD17F234523E7001336F8 /* Frameworks */,
				D95BD180234523E7001336F8 /* Resources */,
				3B20444CD0BFDA555178F4F0 /* [CP] Embed Pods Frameworks */,
			);
			buildRules = (
			);
			dependencies = (
			);
			name = CursoiOSAdvanced;
			productName = CursoiOSAdvanced;
			productReference = D95BD182234523E7001336F8 /* CursoiOSAdvanced.app */;
			productType = "com.apple.product-type.application";
		};
/* End PBXNativeTarget section */

/* Begin PBXProject section */
		D95BD17A234523E7001336F8 /* Project object */ = {
			isa = PBXProject;
			attributes = {
				LastSwiftUpdateCheck = 1100;
				LastUpgradeCheck = 1100;
				ORGANIZATIONNAME = clasegetafe;
				TargetAttributes = {
					D95BD181234523E7001336F8 = {
						CreatedOnToolsVersion = 11.0;
					};
				};
			};
			buildConfigurationList = D95BD17D234523E7001336F8 /* Build configuration list for PBXProject "CursoiOSAdvanced" */;
			compatibilityVersion = "Xcode 9.3";
			developmentRegion = en;
			hasScannedForEncodings = 0;
			knownRegions = (
				en,
				Base,
			);
			mainGroup = D95BD179234523E7001336F8;
			productRefGroup = D95BD183234523E7001336F8 /* Products */;
			projectDirPath = "";
			projectRoot = "";
			targets = (
				D95BD181234523E7001336F8 /* CursoiOSAdvanced */,
			);
		};
/* End PBXProject section */

/* Begin PBXResourcesBuildPhase section */
		D95BD180234523E7001336F8 /* Resources */ = {
			isa = PBXResourcesBuildPhase;
			buildActionMask = 2147483647;
			files = (
				D95BD192234523EE001336F8 /* LaunchScreen.storyboard in Resources */,
				D95BD18F234523EE001336F8 /* Assets.xcassets in Resources */,
				D9830A4423575E6D00A832D9 /* UserDetail.storyboard in Resources */,
				D95BD18D234523E7001336F8 /* Main.storyboard in Resources */,
				D99E03F9234664670050E045 /* PersonCollectionViewCell.xib in Resources */,
				D99E03EB23464B1A0050E045 /* Splash.storyboard in Resources */,
				D989CC62234E50680019A33A /* users.json in Resources */,
				D97CD09F23478DE300F28404 /* biker.json in Resources */,
				D97CD0A1234797B000F28404 /* social.json in Resources */,
				D99E03F4234662B20050E045 /* PersonTableViewCell.xib in Resources */,
			);
			runOnlyForDeploymentPostprocessing = 0;
		};
/* End PBXResourcesBuildPhase section */

/* Begin PBXShellScriptBuildPhase section */
		234929085FED06F3E373BF69 /* [CP] Check Pods Manifest.lock */ = {
			isa = PBXShellScriptBuildPhase;
			buildActionMask = 2147483647;
			files = (
			);
			inputFileListPaths = (
			);
			inputPaths = (
				"${PODS_PODFILE_DIR_PATH}/Podfile.lock",
				"${PODS_ROOT}/Manifest.lock",
			);
			name = "[CP] Check Pods Manifest.lock";
			outputFileListPaths = (
			);
			outputPaths = (
				"$(DERIVED_FILE_DIR)/Pods-CursoiOSAdvanced-checkManifestLockResult.txt",
			);
			runOnlyForDeploymentPostprocessing = 0;
			shellPath = /bin/sh;
			shellScript = "diff \"${PODS_PODFILE_DIR_PATH}/Podfile.lock\" \"${PODS_ROOT}/Manifest.lock\" > /dev/null\nif [ $? != 0 ] ; then\n    # print error to STDERR\n    echo \"error: The sandbox is not in sync with the Podfile.lock. Run 'pod install' or update your CocoaPods installation.\" >&2\n    exit 1\nfi\n# This output is used by Xcode 'outputs' to avoid re-running this script phase.\necho \"SUCCESS\" > \"${SCRIPT_OUTPUT_FILE_0}\"\n";
			showEnvVarsInLog = 0;
		};
		3B20444CD0BFDA555178F4F0 /* [CP] Embed Pods Frameworks */ = {
			isa = PBXShellScriptBuildPhase;
			buildActionMask = 2147483647;
			files = (
			);
			inputFileListPaths = (
				"${PODS_ROOT}/Target Support Files/Pods-CursoiOSAdvanced/Pods-CursoiOSAdvanced-frameworks-${CONFIGURATION}-input-files.xcfilelist",
			);
			name = "[CP] Embed Pods Frameworks";
			outputFileListPaths = (
				"${PODS_ROOT}/Target Support Files/Pods-CursoiOSAdvanced/Pods-CursoiOSAdvanced-frameworks-${CONFIGURATION}-output-files.xcfilelist",
			);
			runOnlyForDeploymentPostprocessing = 0;
			shellPath = /bin/sh;
			shellScript = "\"${PODS_ROOT}/Target Support Files/Pods-CursoiOSAdvanced/Pods-CursoiOSAdvanced-frameworks.sh\"\n";
			showEnvVarsInLog = 0;
		};
/* End PBXShellScriptBuildPhase section */

/* Begin PBXSourcesBuildPhase section */
		D95BD17E234523E7001336F8 /* Sources */ = {
			isa = PBXSourcesBuildPhase;
			buildActionMask = 2147483647;
			files = (
				D97CD0AF2347C40C00F28404 /* NameDTO.swift in Sources */,
				D95BD186234523E7001336F8 /* AppDelegate.swift in Sources */,
				D97CD0B12347C46E00F28404 /* LocationDTO.swift in Sources */,
				D99E03F3234662B20050E045 /* PersonTableViewCell.swift in Sources */,
				D99E03FC234665A00050E045 /* UIView+Utils.swift in Sources */,
				D97CD0BD2347C7C300F28404 /* RegisteredDTO.swift in Sources */,
				D97CD0BB2347C77F00F28404 /* DobDTO.swift in Sources */,
				D97CD0AD2347C26400F28404 /* UserDTO.swift in Sources */,
				D97CD0B52347C5B700F28404 /* CoordinatesDTO.swift in Sources */,
				D97CD0B92347C70E00F28404 /* LoginDTO.swift in Sources */,
				D97CD0C12347CC7400F28404 /* DataManager.swift in Sources */,
				D97CD0BF2347C80400F28404 /* PictureDTO.swift in Sources */,
				D9830A4A2357624E00A832D9 /* MapViewCell.swift in Sources */,
				D98B5189234B891800E42099 /* DatabaseManager.swift in Sources */,
				D97CD0A52347B69600F28404 /* UserDAO.swift in Sources */,
				D97CD0A92347BEF700F28404 /* UsersDTO.swift in Sources */,
				D9830A4E2357627700A832D9 /* ContactDataViewCell.swift in Sources */,
				D97CD0B32347C58A00F28404 /* StreetDTO.swift in Sources */,
				D99E03EF234651290050E045 /* UsersViewController.swift in Sources */,
				D95BD188234523E7001336F8 /* SceneDelegate.swift in Sources */,
				D9830A482357623E00A832D9 /* PersonalDataViewCell.swift in Sources */,
				D99E03ED23464E8F0050E045 /* SplashViewController.swift in Sources */,
				D99E03F8234664670050E045 /* PersonCollectionViewCell.swift in Sources */,
				D9859403234CEE9B00C97E98 /* User.swift in Sources */,
				D9830A4C2357626500A832D9 /* CountryViewCell.swift in Sources */,
				D9830A4623575E8F00A832D9 /* UserDetailViewController.swift in Sources */,
				D98B518B234BAEBD00E42099 /* ApiManager.swift in Sources */,
				D97CD0B72347C5E100F28404 /* TimezoneDTO.swift in Sources */,
				D97CD0AB2347C0FB00F28404 /* InfoDTO.swift in Sources */,
			);
			runOnlyForDeploymentPostprocessing = 0;
		};
/* End PBXSourcesBuildPhase section */

/* Begin PBXVariantGroup section */
		D95BD18B234523E7001336F8 /* Main.storyboard */ = {
			isa = PBXVariantGroup;
			children = (
				D95BD18C234523E7001336F8 /* Base */,
			);
			name = Main.storyboard;
			sourceTree = "<group>";
		};
		D95BD190234523EE001336F8 /* LaunchScreen.storyboard */ = {
			isa = PBXVariantGroup;
			children = (
				D95BD191234523EE001336F8 /* Base */,
			);
			name = LaunchScreen.storyboard;
			sourceTree = "<group>";
		};
/* End PBXVariantGroup section */

/* Begin XCBuildConfiguration section */
		D95BD194234523EE001336F8 /* Debug */ = {
			isa = XCBuildConfiguration;
			buildSettings = {
				ALWAYS_SEARCH_USER_PATHS = NO;
				CLANG_ANALYZER_NONNULL = YES;
				CLANG_ANALYZER_NUMBER_OBJECT_CONVERSION = YES_AGGRESSIVE;
				CLANG_CXX_LANGUAGE_STANDARD = "gnu++14";
				CLANG_CXX_LIBRARY = "libc++";
				CLANG_ENABLE_MODULES = YES;
				CLANG_ENABLE_OBJC_ARC = YES;
				CLANG_ENABLE_OBJC_WEAK = YES;
				CLANG_WARN_BLOCK_CAPTURE_AUTORELEASING = YES;
				CLANG_WARN_BOOL_CONVERSION = YES;
				CLANG_WARN_COMMA = YES;
				CLANG_WARN_CONSTANT_CONVERSION = YES;
				CLANG_WARN_DEPRECATED_OBJC_IMPLEMENTATIONS = YES;
				CLANG_WARN_DIRECT_OBJC_ISA_USAGE = YES_ERROR;
				CLANG_WARN_DOCUMENTATION_COMMENTS = YES;
				CLANG_WARN_EMPTY_BODY = YES;
				CLANG_WARN_ENUM_CONVERSION = YES;
				CLANG_WARN_INFINITE_RECURSION = YES;
				CLANG_WARN_INT_CONVERSION = YES;
				CLANG_WARN_NON_LITERAL_NULL_CONVERSION = YES;
				CLANG_WARN_OBJC_IMPLICIT_RETAIN_SELF = YES;
				CLANG_WARN_OBJC_LITERAL_CONVERSION = YES;
				CLANG_WARN_OBJC_ROOT_CLASS = YES_ERROR;
				CLANG_WARN_RANGE_LOOP_ANALYSIS = YES;
				CLANG_WARN_STRICT_PROTOTYPES = YES;
				CLANG_WARN_SUSPICIOUS_MOVE = YES;
				CLANG_WARN_UNGUARDED_AVAILABILITY = YES_AGGRESSIVE;
				CLANG_WARN_UNREACHABLE_CODE = YES;
				CLANG_WARN__DUPLICATE_METHOD_MATCH = YES;
				COPY_PHASE_STRIP = NO;
				DEBUG_INFORMATION_FORMAT = dwarf;
				ENABLE_STRICT_OBJC_MSGSEND = YES;
				ENABLE_TESTABILITY = YES;
				GCC_C_LANGUAGE_STANDARD = gnu11;
				GCC_DYNAMIC_NO_PIC = NO;
				GCC_NO_COMMON_BLOCKS = YES;
				GCC_OPTIMIZATION_LEVEL = 0;
				GCC_PREPROCESSOR_DEFINITIONS = (
					"DEBUG=1",
					"$(inherited)",
				);
				GCC_WARN_64_TO_32_BIT_CONVERSION = YES;
				GCC_WARN_ABOUT_RETURN_TYPE = YES_ERROR;
				GCC_WARN_UNDECLARED_SELECTOR = YES;
				GCC_WARN_UNINITIALIZED_AUTOS = YES_AGGRESSIVE;
				GCC_WARN_UNUSED_FUNCTION = YES;
				GCC_WARN_UNUSED_VARIABLE = YES;
				IPHONEOS_DEPLOYMENT_TARGET = 13.0;
				MTL_ENABLE_DEBUG_INFO = INCLUDE_SOURCE;
				MTL_FAST_MATH = YES;
				ONLY_ACTIVE_ARCH = YES;
				SDKROOT = iphoneos;
				SWIFT_ACTIVE_COMPILATION_CONDITIONS = DEBUG;
				SWIFT_OPTIMIZATION_LEVEL = "-Onone";
			};
			name = Debug;
		};
		D95BD195234523EE001336F8 /* Release */ = {
			isa = XCBuildConfiguration;
			buildSettings = {
				ALWAYS_SEARCH_USER_PATHS = NO;
				CLANG_ANALYZER_NONNULL = YES;
				CLANG_ANALYZER_NUMBER_OBJECT_CONVERSION = YES_AGGRESSIVE;
				CLANG_CXX_LANGUAGE_STANDARD = "gnu++14";
				CLANG_CXX_LIBRARY = "libc++";
				CLANG_ENABLE_MODULES = YES;
				CLANG_ENABLE_OBJC_ARC = YES;
				CLANG_ENABLE_OBJC_WEAK = YES;
				CLANG_WARN_BLOCK_CAPTURE_AUTORELEASING = YES;
				CLANG_WARN_BOOL_CONVERSION = YES;
				CLANG_WARN_COMMA = YES;
				CLANG_WARN_CONSTANT_CONVERSION = YES;
				CLANG_WARN_DEPRECATED_OBJC_IMPLEMENTATIONS = YES;
				CLANG_WARN_DIRECT_OBJC_ISA_USAGE = YES_ERROR;
				CLANG_WARN_DOCUMENTATION_COMMENTS = YES;
				CLANG_WARN_EMPTY_BODY = YES;
				CLANG_WARN_ENUM_CONVERSION = YES;
				CLANG_WARN_INFINITE_RECURSION = YES;
				CLANG_WARN_INT_CONVERSION = YES;
				CLANG_WARN_NON_LITERAL_NULL_CONVERSION = YES;
				CLANG_WARN_OBJC_IMPLICIT_RETAIN_SELF = YES;
				CLANG_WARN_OBJC_LITERAL_CONVERSION = YES;
				CLANG_WARN_OBJC_ROOT_CLASS = YES_ERROR;
				CLANG_WARN_RANGE_LOOP_ANALYSIS = YES;
				CLANG_WARN_STRICT_PROTOTYPES = YES;
				CLANG_WARN_SUSPICIOUS_MOVE = YES;
				CLANG_WARN_UNGUARDED_AVAILABILITY = YES_AGGRESSIVE;
				CLANG_WARN_UNREACHABLE_CODE = YES;
				CLANG_WARN__DUPLICATE_METHOD_MATCH = YES;
				COPY_PHASE_STRIP = NO;
				DEBUG_INFORMATION_FORMAT = "dwarf-with-dsym";
				ENABLE_NS_ASSERTIONS = NO;
				ENABLE_STRICT_OBJC_MSGSEND = YES;
				GCC_C_LANGUAGE_STANDARD = gnu11;
				GCC_NO_COMMON_BLOCKS = YES;
				GCC_WARN_64_TO_32_BIT_CONVERSION = YES;
				GCC_WARN_ABOUT_RETURN_TYPE = YES_ERROR;
				GCC_WARN_UNDECLARED_SELECTOR = YES;
				GCC_WARN_UNINITIALIZED_AUTOS = YES_AGGRESSIVE;
				GCC_WARN_UNUSED_FUNCTION = YES;
				GCC_WARN_UNUSED_VARIABLE = YES;
				IPHONEOS_DEPLOYMENT_TARGET = 13.0;
				MTL_ENABLE_DEBUG_INFO = NO;
				MTL_FAST_MATH = YES;
				SDKROOT = iphoneos;
				SWIFT_COMPILATION_MODE = wholemodule;
				SWIFT_OPTIMIZATION_LEVEL = "-O";
				VALIDATE_PRODUCT = YES;
			};
			name = Release;
		};
		D95BD197234523EE001336F8 /* Debug */ = {
			isa = XCBuildConfiguration;
			baseConfigurationReference = A030FE51B6464BD0760F6C97 /* Pods-CursoiOSAdvanced.debug.xcconfig */;
			buildSettings = {
				ASSETCATALOG_COMPILER_APPICON_NAME = AppIcon;
				CODE_SIGN_STYLE = Automatic;
				INFOPLIST_FILE = CursoiOSAdvanced/Info.plist;
				LD_RUNPATH_SEARCH_PATHS = (
					"$(inherited)",
					"@executable_path/Frameworks",
				);
				PRODUCT_BUNDLE_IDENTIFIER = com.clasegetafe.CursoiOSAdvanced;
				PRODUCT_NAME = "$(TARGET_NAME)";
				SWIFT_VERSION = 5.0;
				TARGETED_DEVICE_FAMILY = "1,2";
			};
			name = Debug;
		};
		D95BD198234523EE001336F8 /* Release */ = {
			isa = XCBuildConfiguration;
			baseConfigurationReference = 7FE8EFDD22DACC440DB652BE /* Pods-CursoiOSAdvanced.release.xcconfig */;
			buildSettings = {
				ASSETCATALOG_COMPILER_APPICON_NAME = AppIcon;
				CODE_SIGN_STYLE = Automatic;
				INFOPLIST_FILE = CursoiOSAdvanced/Info.plist;
				LD_RUNPATH_SEARCH_PATHS = (
					"$(inherited)",
					"@executable_path/Frameworks",
				);
				PRODUCT_BUNDLE_IDENTIFIER = com.clasegetafe.CursoiOSAdvanced;
				PRODUCT_NAME = "$(TARGET_NAME)";
				SWIFT_VERSION = 5.0;
				TARGETED_DEVICE_FAMILY = "1,2";
			};
			name = Release;
		};
/* End XCBuildConfiguration section */

/* Begin XCConfigurationList section */
		D95BD17D234523E7001336F8 /* Build configuration list for PBXProject "CursoiOSAdvanced" */ = {
			isa = XCConfigurationList;
			buildConfigurations = (
				D95BD194234523EE001336F8 /* Debug */,
				D95BD195234523EE001336F8 /* Release */,
			);
			defaultConfigurationIsVisible = 0;
			defaultConfigurationName = Release;
		};
		D95BD196234523EE001336F8 /* Build configuration list for PBXNativeTarget "CursoiOSAdvanced" */ = {
			isa = XCConfigurationList;
			buildConfigurations = (
				D95BD197234523EE001336F8 /* Debug */,
				D95BD198234523EE001336F8 /* Release */,
			);
			defaultConfigurationIsVisible = 0;
			defaultConfigurationName = Release;
		};
/* End XCConfigurationList section */
	};
	rootObject = D95BD17A234523E7001336F8 /* Project object */;
}
